// !$*UTF8*$!
{
	archiveVersion = 1;
	classes = {
	};
	objectVersion = 50;
	objects = {

/* Begin PBXBuildFile section */
		F21BA028246F1ECE0089DEFE /* AutoSuggestTextField.swift in Sources */ = {isa = PBXBuildFile; fileRef = F21BA027246F1ECE0089DEFE /* AutoSuggestTextField.swift */; };
		F21BA02A246F29160089DEFE /* SearchItems.swift in Sources */ = {isa = PBXBuildFile; fileRef = F21BA029246F29160089DEFE /* SearchItems.swift */; };
		F21BA02C246F3D400089DEFE /* GalleryViewController.swift in Sources */ = {isa = PBXBuildFile; fileRef = F21BA02B246F3D400089DEFE /* GalleryViewController.swift */; };
		F21BA02E246F3E5F0089DEFE /* GalleryCollectionViewCell.swift in Sources */ = {isa = PBXBuildFile; fileRef = F21BA02D246F3E5F0089DEFE /* GalleryCollectionViewCell.swift */; };
		F225D61A246FAB360035A85D /* DataObjectsViewModel.swift in Sources */ = {isa = PBXBuildFile; fileRef = F225D619246FAB360035A85D /* DataObjectsViewModel.swift */; };
		F227510D246D819E00A1E837 /* UIView+Extension.swift in Sources */ = {isa = PBXBuildFile; fileRef = F227510C246D819E00A1E837 /* UIView+Extension.swift */; };
		F227510F246D91AF00A1E837 /* ListTableViewCell.swift in Sources */ = {isa = PBXBuildFile; fileRef = F227510E246D91AF00A1E837 /* ListTableViewCell.swift */; };
		F2275111246DBD7000A1E837 /* UITextField+Extension.swift in Sources */ = {isa = PBXBuildFile; fileRef = F2275110246DBD7000A1E837 /* UITextField+Extension.swift */; };
		F2275113246DCA9600A1E837 /* DataModelDTO.swift in Sources */ = {isa = PBXBuildFile; fileRef = F2275112246DCA9600A1E837 /* DataModelDTO.swift */; };
		F2288D66246DE224009D86DF /* NetworkManager.swift in Sources */ = {isa = PBXBuildFile; fileRef = F2288D65246DE224009D86DF /* NetworkManager.swift */; };
		F2288D69246DED26009D86DF /* Constants.swift in Sources */ = {isa = PBXBuildFile; fileRef = F2288D68246DED26009D86DF /* Constants.swift */; };
		F25ACE3D246EB093000E376D /* UIImage+Extension.swift in Sources */ = {isa = PBXBuildFile; fileRef = F25ACE3C246EB093000E376D /* UIImage+Extension.swift */; };
		F2BE7834246D5D3900C8EAD7 /* AppDelegate.swift in Sources */ = {isa = PBXBuildFile; fileRef = F2BE7833246D5D3900C8EAD7 /* AppDelegate.swift */; };
		F2BE7836246D5D3900C8EAD7 /* SceneDelegate.swift in Sources */ = {isa = PBXBuildFile; fileRef = F2BE7835246D5D3900C8EAD7 /* SceneDelegate.swift */; };
		F2BE7838246D5D3900C8EAD7 /* ViewController.swift in Sources */ = {isa = PBXBuildFile; fileRef = F2BE7837246D5D3900C8EAD7 /* ViewController.swift */; };
		F2BE783B246D5D3900C8EAD7 /* Main.storyboard in Resources */ = {isa = PBXBuildFile; fileRef = F2BE7839246D5D3900C8EAD7 /* Main.storyboard */; };
		F2BE783E246D5D3900C8EAD7 /* WynkDemo.xcdatamodeld in Sources */ = {isa = PBXBuildFile; fileRef = F2BE783C246D5D3900C8EAD7 /* WynkDemo.xcdatamodeld */; };
		F2BE7840246D5D3E00C8EAD7 /* Assets.xcassets in Resources */ = {isa = PBXBuildFile; fileRef = F2BE783F246D5D3E00C8EAD7 /* Assets.xcassets */; };
		F2BE7843246D5D3E00C8EAD7 /* LaunchScreen.storyboard in Resources */ = {isa = PBXBuildFile; fileRef = F2BE7841246D5D3E00C8EAD7 /* LaunchScreen.storyboard */; };
		F2BE784E246D5D3E00C8EAD7 /* WynkDemoTests.swift in Sources */ = {isa = PBXBuildFile; fileRef = F2BE784D246D5D3E00C8EAD7 /* WynkDemoTests.swift */; };
		F2BE7859246D5D3E00C8EAD7 /* WynkDemoUITests.swift in Sources */ = {isa = PBXBuildFile; fileRef = F2BE7858246D5D3E00C8EAD7 /* WynkDemoUITests.swift */; };
		F2BE786A246D5DF800C8EAD7 /* SuggestedListTableViewCell.swift in Sources */ = {isa = PBXBuildFile; fileRef = F2BE7869246D5DF800C8EAD7 /* SuggestedListTableViewCell.swift */; };
/* End PBXBuildFile section */

/* Begin PBXContainerItemProxy section */
		F2BE784A246D5D3E00C8EAD7 /* PBXContainerItemProxy */ = {
			isa = PBXContainerItemProxy;
			containerPortal = F2BE7828246D5D3900C8EAD7 /* Project object */;
			proxyType = 1;
			remoteGlobalIDString = F2BE782F246D5D3900C8EAD7;
			remoteInfo = WynkDemo;
		};
		F2BE7855246D5D3E00C8EAD7 /* PBXContainerItemProxy */ = {
			isa = PBXContainerItemProxy;
			containerPortal = F2BE7828246D5D3900C8EAD7 /* Project object */;
			proxyType = 1;
			remoteGlobalIDString = F2BE782F246D5D3900C8EAD7;
			remoteInfo = WynkDemo;
		};
/* End PBXContainerItemProxy section */

/* Begin PBXFileReference section */
		F21BA027246F1ECE0089DEFE /* AutoSuggestTextField.swift */ = {isa = PBXFileReference; lastKnownFileType = sourcecode.swift; path = AutoSuggestTextField.swift; sourceTree = "<group>"; };
		F21BA029246F29160089DEFE /* SearchItems.swift */ = {isa = PBXFileReference; lastKnownFileType = sourcecode.swift; path = SearchItems.swift; sourceTree = "<group>"; };
		F21BA02B246F3D400089DEFE /* GalleryViewController.swift */ = {isa = PBXFileReference; lastKnownFileType = sourcecode.swift; path = GalleryViewController.swift; sourceTree = "<group>"; };
		F21BA02D246F3E5F0089DEFE /* GalleryCollectionViewCell.swift */ = {isa = PBXFileReference; lastKnownFileType = sourcecode.swift; path = GalleryCollectionViewCell.swift; sourceTree = "<group>"; };
		F225D619246FAB360035A85D /* DataObjectsViewModel.swift */ = {isa = PBXFileReference; lastKnownFileType = sourcecode.swift; path = DataObjectsViewModel.swift; sourceTree = "<group>"; };
		F227510C246D819E00A1E837 /* UIView+Extension.swift */ = {isa = PBXFileReference; lastKnownFileType = sourcecode.swift; path = "UIView+Extension.swift"; sourceTree = "<group>"; };
		F227510E246D91AF00A1E837 /* ListTableViewCell.swift */ = {isa = PBXFileReference; lastKnownFileType = sourcecode.swift; path = ListTableViewCell.swift; sourceTree = "<group>"; };
		F2275110246DBD7000A1E837 /* UITextField+Extension.swift */ = {isa = PBXFileReference; lastKnownFileType = sourcecode.swift; path = "UITextField+Extension.swift"; sourceTree = "<group>"; };
		F2275112246DCA9600A1E837 /* DataModelDTO.swift */ = {isa = PBXFileReference; lastKnownFileType = sourcecode.swift; path = DataModelDTO.swift; sourceTree = "<group>"; };
		F2288D65246DE224009D86DF /* NetworkManager.swift */ = {isa = PBXFileReference; lastKnownFileType = sourcecode.swift; path = NetworkManager.swift; sourceTree = "<group>"; };
		F2288D68246DED26009D86DF /* Constants.swift */ = {isa = PBXFileReference; lastKnownFileType = sourcecode.swift; path = Constants.swift; sourceTree = "<group>"; };
		F25ACE3C246EB093000E376D /* UIImage+Extension.swift */ = {isa = PBXFileReference; lastKnownFileType = sourcecode.swift; path = "UIImage+Extension.swift"; sourceTree = "<group>"; };
		F2BE7830246D5D3900C8EAD7 /* WynkDemo.app */ = {isa = PBXFileReference; explicitFileType = wrapper.application; includeInIndex = 0; path = WynkDemo.app; sourceTree = BUILT_PRODUCTS_DIR; };
		F2BE7833246D5D3900C8EAD7 /* AppDelegate.swift */ = {isa = PBXFileReference; lastKnownFileType = sourcecode.swift; path = AppDelegate.swift; sourceTree = "<group>"; };
		F2BE7835246D5D3900C8EAD7 /* SceneDelegate.swift */ = {isa = PBXFileReference; lastKnownFileType = sourcecode.swift; path = SceneDelegate.swift; sourceTree = "<group>"; };
		F2BE7837246D5D3900C8EAD7 /* ViewController.swift */ = {isa = PBXFileReference; lastKnownFileType = sourcecode.swift; path = ViewController.swift; sourceTree = "<group>"; };
		F2BE783A246D5D3900C8EAD7 /* Base */ = {isa = PBXFileReference; lastKnownFileType = file.storyboard; name = Base; path = Base.lproj/Main.storyboard; sourceTree = "<group>"; };
		F2BE783D246D5D3900C8EAD7 /* WynkDemo.xcdatamodel */ = {isa = PBXFileReference; lastKnownFileType = wrapper.xcdatamodel; path = WynkDemo.xcdatamodel; sourceTree = "<group>"; };
		F2BE783F246D5D3E00C8EAD7 /* Assets.xcassets */ = {isa = PBXFileReference; lastKnownFileType = folder.assetcatalog; path = Assets.xcassets; sourceTree = "<group>"; };
		F2BE7842246D5D3E00C8EAD7 /* Base */ = {isa = PBXFileReference; lastKnownFileType = file.storyboard; name = Base; path = Base.lproj/LaunchScreen.storyboard; sourceTree = "<group>"; };
		F2BE7844246D5D3E00C8EAD7 /* Info.plist */ = {isa = PBXFileReference; lastKnownFileType = text.plist.xml; path = Info.plist; sourceTree = "<group>"; };
		F2BE7849246D5D3E00C8EAD7 /* WynkDemoTests.xctest */ = {isa = PBXFileReference; explicitFileType = wrapper.cfbundle; includeInIndex = 0; path = WynkDemoTests.xctest; sourceTree = BUILT_PRODUCTS_DIR; };
		F2BE784D246D5D3E00C8EAD7 /* WynkDemoTests.swift */ = {isa = PBXFileReference; lastKnownFileType = sourcecode.swift; path = WynkDemoTests.swift; sourceTree = "<group>"; };
		F2BE784F246D5D3E00C8EAD7 /* Info.plist */ = {isa = PBXFileReference; lastKnownFileType = text.plist.xml; path = Info.plist; sourceTree = "<group>"; };
		F2BE7854246D5D3E00C8EAD7 /* WynkDemoUITests.xctest */ = {isa = PBXFileReference; explicitFileType = wrapper.cfbundle; includeInIndex = 0; path = WynkDemoUITests.xctest; sourceTree = BUILT_PRODUCTS_DIR; };
		F2BE7858246D5D3E00C8EAD7 /* WynkDemoUITests.swift */ = {isa = PBXFileReference; lastKnownFileType = sourcecode.swift; path = WynkDemoUITests.swift; sourceTree = "<group>"; };
		F2BE785A246D5D3E00C8EAD7 /* Info.plist */ = {isa = PBXFileReference; lastKnownFileType = text.plist.xml; path = Info.plist; sourceTree = "<group>"; };
		F2BE7869246D5DF800C8EAD7 /* SuggestedListTableViewCell.swift */ = {isa = PBXFileReference; lastKnownFileType = sourcecode.swift; path = SuggestedListTableViewCell.swift; sourceTree = "<group>"; };
/* End PBXFileReference section */

/* Begin PBXFrameworksBuildPhase section */
		F2BE782D246D5D3900C8EAD7 /* Frameworks */ = {
			isa = PBXFrameworksBuildPhase;
			buildActionMask = 2147483647;
			files = (
			);
			runOnlyForDeploymentPostprocessing = 0;
		};
		F2BE7846246D5D3E00C8EAD7 /* Frameworks */ = {
			isa = PBXFrameworksBuildPhase;
			buildActionMask = 2147483647;
			files = (
			);
			runOnlyForDeploymentPostprocessing = 0;
		};
		F2BE7851246D5D3E00C8EAD7 /* Frameworks */ = {
			isa = PBXFrameworksBuildPhase;
			buildActionMask = 2147483647;
			files = (
			);
			runOnlyForDeploymentPostprocessing = 0;
		};
/* End PBXFrameworksBuildPhase section */

/* Begin PBXGroup section */
		F21BA02F246F3E710089DEFE /* cell */ = {
			isa = PBXGroup;
			children = (
				F227510E246D91AF00A1E837 /* ListTableViewCell.swift */,
				F2BE7869246D5DF800C8EAD7 /* SuggestedListTableViewCell.swift */,
				F21BA02D246F3E5F0089DEFE /* GalleryCollectionViewCell.swift */,
			);
			path = cell;
			sourceTree = "<group>";
		};
		F225D618246FAAE40035A85D /* ViewModel */ = {
			isa = PBXGroup;
			children = (
				F225D619246FAB360035A85D /* DataObjectsViewModel.swift */,
			);
			path = ViewModel;
			sourceTree = "<group>";
		};
		F2275114246DCA9D00A1E837 /* Model */ = {
			isa = PBXGroup;
			children = (
				F2275112246DCA9600A1E837 /* DataModelDTO.swift */,
				F21BA029246F29160089DEFE /* SearchItems.swift */,
			);
			path = Model;
			sourceTree = "<group>";
		};
		F2288D67246DE229009D86DF /* Service */ = {
			isa = PBXGroup;
			children = (
				F2288D65246DE224009D86DF /* NetworkManager.swift */,
				F2288D68246DED26009D86DF /* Constants.swift */,
			);
			path = Service;
			sourceTree = "<group>";
		};
		F25ACE3B246E99C4000E376D /* Controller */ = {
			isa = PBXGroup;
			children = (
				F21BA027246F1ECE0089DEFE /* AutoSuggestTextField.swift */,
				F2BE7837246D5D3900C8EAD7 /* ViewController.swift */,
				F21BA02B246F3D400089DEFE /* GalleryViewController.swift */,
			);
			path = Controller;
			sourceTree = "<group>";
		};
		F2BE7827246D5D3900C8EAD7 = {
			isa = PBXGroup;
			children = (
				F2BE7832246D5D3900C8EAD7 /* WynkDemo */,
				F2BE784C246D5D3E00C8EAD7 /* WynkDemoTests */,
				F2BE7857246D5D3E00C8EAD7 /* WynkDemoUITests */,
				F2BE7831246D5D3900C8EAD7 /* Products */,
			);
			sourceTree = "<group>";
		};
		F2BE7831246D5D3900C8EAD7 /* Products */ = {
			isa = PBXGroup;
			children = (
				F2BE7830246D5D3900C8EAD7 /* WynkDemo.app */,
				F2BE7849246D5D3E00C8EAD7 /* WynkDemoTests.xctest */,
				F2BE7854246D5D3E00C8EAD7 /* WynkDemoUITests.xctest */,
			);
			name = Products;
			sourceTree = "<group>";
		};
		F2BE7832246D5D3900C8EAD7 /* WynkDemo */ = {
			isa = PBXGroup;
			children = (
				F225D618246FAAE40035A85D /* ViewModel */,
				F2288D67246DE229009D86DF /* Service */,
				F2275114246DCA9D00A1E837 /* Model */,
				F2BE786B246D5E4300C8EAD7 /* Extensions */,
				F2BE7866246D5D7800C8EAD7 /* View */,
				F2BE7833246D5D3900C8EAD7 /* AppDelegate.swift */,
				F2BE7835246D5D3900C8EAD7 /* SceneDelegate.swift */,
				F2BE7839246D5D3900C8EAD7 /* Main.storyboard */,
				F2BE783F246D5D3E00C8EAD7 /* Assets.xcassets */,
				F2BE7841246D5D3E00C8EAD7 /* LaunchScreen.storyboard */,
				F2BE7844246D5D3E00C8EAD7 /* Info.plist */,
				F2BE783C246D5D3900C8EAD7 /* WynkDemo.xcdatamodeld */,
			);
			path = WynkDemo;
			sourceTree = "<group>";
		};
		F2BE784C246D5D3E00C8EAD7 /* WynkDemoTests */ = {
			isa = PBXGroup;
			children = (
				F2BE784D246D5D3E00C8EAD7 /* WynkDemoTests.swift */,
				F2BE784F246D5D3E00C8EAD7 /* Info.plist */,
			);
			path = WynkDemoTests;
			sourceTree = "<group>";
		};
		F2BE7857246D5D3E00C8EAD7 /* WynkDemoUITests */ = {
			isa = PBXGroup;
			children = (
				F2BE7858246D5D3E00C8EAD7 /* WynkDemoUITests.swift */,
				F2BE785A246D5D3E00C8EAD7 /* Info.plist */,
			);
			path = WynkDemoUITests;
			sourceTree = "<group>";
		};
		F2BE7866246D5D7800C8EAD7 /* View */ = {
			isa = PBXGroup;
			children = (
				F21BA02F246F3E710089DEFE /* cell */,
				F25ACE3B246E99C4000E376D /* Controller */,
			);
			path = View;
			sourceTree = "<group>";
		};
		F2BE786B246D5E4300C8EAD7 /* Extensions */ = {
			isa = PBXGroup;
			children = (
				F227510C246D819E00A1E837 /* UIView+Extension.swift */,
				F2275110246DBD7000A1E837 /* UITextField+Extension.swift */,
				F25ACE3C246EB093000E376D /* UIImage+Extension.swift */,
			);
			path = Extensions;
			sourceTree = "<group>";
		};
/* End PBXGroup section */

/* Begin PBXNativeTarget section */
		F2BE782F246D5D3900C8EAD7 /* WynkDemo */ = {
			isa = PBXNativeTarget;
			buildConfigurationList = F2BE785D246D5D3E00C8EAD7 /* Build configuration list for PBXNativeTarget "WynkDemo" */;
			buildPhases = (
				F2BE782C246D5D3900C8EAD7 /* Sources */,
				F2BE782D246D5D3900C8EAD7 /* Frameworks */,
				F2BE782E246D5D3900C8EAD7 /* Resources */,
			);
			buildRules = (
			);
			dependencies = (
			);
			name = WynkDemo;
			productName = WynkDemo;
			productReference = F2BE7830246D5D3900C8EAD7 /* WynkDemo.app */;
			productType = "com.apple.product-type.application";
		};
		F2BE7848246D5D3E00C8EAD7 /* WynkDemoTests */ = {
			isa = PBXNativeTarget;
			buildConfigurationList = F2BE7860246D5D3E00C8EAD7 /* Build configuration list for PBXNativeTarget "WynkDemoTests" */;
			buildPhases = (
				F2BE7845246D5D3E00C8EAD7 /* Sources */,
				F2BE7846246D5D3E00C8EAD7 /* Frameworks */,
				F2BE7847246D5D3E00C8EAD7 /* Resources */,
			);
			buildRules = (
			);
			dependencies = (
				F2BE784B246D5D3E00C8EAD7 /* PBXTargetDependency */,
			);
			name = WynkDemoTests;
			productName = WynkDemoTests;
			productReference = F2BE7849246D5D3E00C8EAD7 /* WynkDemoTests.xctest */;
			productType = "com.apple.product-type.bundle.unit-test";
		};
		F2BE7853246D5D3E00C8EAD7 /* WynkDemoUITests */ = {
			isa = PBXNativeTarget;
			buildConfigurationList = F2BE7863246D5D3E00C8EAD7 /* Build configuration list for PBXNativeTarget "WynkDemoUITests" */;
			buildPhases = (
				F2BE7850246D5D3E00C8EAD7 /* Sources */,
				F2BE7851246D5D3E00C8EAD7 /* Frameworks */,
				F2BE7852246D5D3E00C8EAD7 /* Resources */,
			);
			buildRules = (
			);
			dependencies = (
				F2BE7856246D5D3E00C8EAD7 /* PBXTargetDependency */,
			);
			name = WynkDemoUITests;
			productName = WynkDemoUITests;
			productReference = F2BE7854246D5D3E00C8EAD7 /* WynkDemoUITests.xctest */;
			productType = "com.apple.product-type.bundle.ui-testing";
		};
/* End PBXNativeTarget section */

/* Begin PBXProject section */
		F2BE7828246D5D3900C8EAD7 /* Project object */ = {
			isa = PBXProject;
			attributes = {
				LastSwiftUpdateCheck = 1120;
				LastUpgradeCheck = 1120;
				ORGANIZATIONNAME = Smriti;
				TargetAttributes = {
					F2BE782F246D5D3900C8EAD7 = {
						CreatedOnToolsVersion = 11.2.1;
					};
					F2BE7848246D5D3E00C8EAD7 = {
						CreatedOnToolsVersion = 11.2.1;
						TestTargetID = F2BE782F246D5D3900C8EAD7;
					};
					F2BE7853246D5D3E00C8EAD7 = {
						CreatedOnToolsVersion = 11.2.1;
						TestTargetID = F2BE782F246D5D3900C8EAD7;
					};
				};
			};
			buildConfigurationList = F2BE782B246D5D3900C8EAD7 /* Build configuration list for PBXProject "WynkDemo" */;
			compatibilityVersion = "Xcode 9.3";
			developmentRegion = en;
			hasScannedForEncodings = 0;
			knownRegions = (
				en,
				Base,
			);
			mainGroup = F2BE7827246D5D3900C8EAD7;
			productRefGroup = F2BE7831246D5D3900C8EAD7 /* Products */;
			projectDirPath = "";
			projectRoot = "";
			targets = (
				F2BE782F246D5D3900C8EAD7 /* WynkDemo */,
				F2BE7848246D5D3E00C8EAD7 /* WynkDemoTests */,
				F2BE7853246D5D3E00C8EAD7 /* WynkDemoUITests */,
			);
		};
/* End PBXProject section */

/* Begin PBXResourcesBuildPhase section */
		F2BE782E246D5D3900C8EAD7 /* Resources */ = {
			isa = PBXResourcesBuildPhase;
			buildActionMask = 2147483647;
			files = (
				F2BE7843246D5D3E00C8EAD7 /* LaunchScreen.storyboard in Resources */,
				F2BE7840246D5D3E00C8EAD7 /* Assets.xcassets in Resources */,
				F2BE783B246D5D3900C8EAD7 /* Main.storyboard in Resources */,
			);
			runOnlyForDeploymentPostprocessing = 0;
		};
		F2BE7847246D5D3E00C8EAD7 /* Resources */ = {
			isa = PBXResourcesBuildPhase;
			buildActionMask = 2147483647;
			files = (
			);
			runOnlyForDeploymentPostprocessing = 0;
		};
		F2BE7852246D5D3E00C8EAD7 /* Resources */ = {
			isa = PBXResourcesBuildPhase;
			buildActionMask = 2147483647;
			files = (
			);
			runOnlyForDeploymentPostprocessing = 0;
		};
/* End PBXResourcesBuildPhase section */

/* Begin PBXSourcesBuildPhase section */
		F2BE782C246D5D3900C8EAD7 /* Sources */ = {
			isa = PBXSourcesBuildPhase;
			buildActionMask = 2147483647;
			files = (
				F2BE786A246D5DF800C8EAD7 /* SuggestedListTableViewCell.swift in Sources */,
				F227510F246D91AF00A1E837 /* ListTableViewCell.swift in Sources */,
				F227510D246D819E00A1E837 /* UIView+Extension.swift in Sources */,
				F2275111246DBD7000A1E837 /* UITextField+Extension.swift in Sources */,
				F225D61A246FAB360035A85D /* DataObjectsViewModel.swift in Sources */,
				F21BA02E246F3E5F0089DEFE /* GalleryCollectionViewCell.swift in Sources */,
				F2BE7838246D5D3900C8EAD7 /* ViewController.swift in Sources */,
				F21BA02C246F3D400089DEFE /* GalleryViewController.swift in Sources */,
				F2275113246DCA9600A1E837 /* DataModelDTO.swift in Sources */,
				F2BE7834246D5D3900C8EAD7 /* AppDelegate.swift in Sources */,
				F21BA028246F1ECE0089DEFE /* AutoSuggestTextField.swift in Sources */,
				F25ACE3D246EB093000E376D /* UIImage+Extension.swift in Sources */,
				F2288D69246DED26009D86DF /* Constants.swift in Sources */,
				F2BE7836246D5D3900C8EAD7 /* SceneDelegate.swift in Sources */,
				F21BA02A246F29160089DEFE /* SearchItems.swift in Sources */,
				F2288D66246DE224009D86DF /* NetworkManager.swift in Sources */,
				F2BE783E246D5D3900C8EAD7 /* WynkDemo.xcdatamodeld in Sources */,
			);
			runOnlyForDeploymentPostprocessing = 0;
		};
		F2BE7845246D5D3E00C8EAD7 /* Sources */ = {
			isa = PBXSourcesBuildPhase;
			buildActionMask = 2147483647;
			files = (
				F2BE784E246D5D3E00C8EAD7 /* WynkDemoTests.swift in Sources */,
			);
			runOnlyForDeploymentPostprocessing = 0;
		};
		F2BE7850246D5D3E00C8EAD7 /* Sources */ = {
			isa = PBXSourcesBuildPhase;
			buildActionMask = 2147483647;
			files = (
				F2BE7859246D5D3E00C8EAD7 /* WynkDemoUITests.swift in Sources */,
			);
			runOnlyForDeploymentPostprocessing = 0;
		};
/* End PBXSourcesBuildPhase section */

/* Begin PBXTargetDependency section */
		F2BE784B246D5D3E00C8EAD7 /* PBXTargetDependency */ = {
			isa = PBXTargetDependency;
			target = F2BE782F246D5D3900C8EAD7 /* WynkDemo */;
			targetProxy = F2BE784A246D5D3E00C8EAD7 /* PBXContainerItemProxy */;
		};
		F2BE7856246D5D3E00C8EAD7 /* PBXTargetDependency */ = {
			isa = PBXTargetDependency;
			target = F2BE782F246D5D3900C8EAD7 /* WynkDemo */;
			targetProxy = F2BE7855246D5D3E00C8EAD7 /* PBXContainerItemProxy */;
		};
/* End PBXTargetDependency section */

/* Begin PBXVariantGroup section */
		F2BE7839246D5D3900C8EAD7 /* Main.storyboard */ = {
			isa = PBXVariantGroup;
			children = (
				F2BE783A246D5D3900C8EAD7 /* Base */,
			);
			name = Main.storyboard;
			sourceTree = "<group>";
		};
		F2BE7841246D5D3E00C8EAD7 /* LaunchScreen.storyboard */ = {
			isa = PBXVariantGroup;
			children = (
				F2BE7842246D5D3E00C8EAD7 /* Base */,
			);
			name = LaunchScreen.storyboard;
			sourceTree = "<group>";
		};
/* End PBXVariantGroup section */

/* Begin XCBuildConfiguration section */
		F2BE785B246D5D3E00C8EAD7 /* Debug */ = {
			isa = XCBuildConfiguration;
			buildSettings = {
				ALWAYS_SEARCH_USER_PATHS = NO;
				CLANG_ANALYZER_NONNULL = YES;
				CLANG_ANALYZER_NUMBER_OBJECT_CONVERSION = YES_AGGRESSIVE;
				CLANG_CXX_LANGUAGE_STANDARD = "gnu++14";
				CLANG_CXX_LIBRARY = "libc++";
				CLANG_ENABLE_MODULES = YES;
				CLANG_ENABLE_OBJC_ARC = YES;
				CLANG_ENABLE_OBJC_WEAK = YES;
				CLANG_WARN_BLOCK_CAPTURE_AUTORELEASING = YES;
				CLANG_WARN_BOOL_CONVERSION = YES;
				CLANG_WARN_COMMA = YES;
				CLANG_WARN_CONSTANT_CONVERSION = YES;
				CLANG_WARN_DEPRECATED_OBJC_IMPLEMENTATIONS = YES;
				CLANG_WARN_DIRECT_OBJC_ISA_USAGE = YES_ERROR;
				CLANG_WARN_DOCUMENTATION_COMMENTS = YES;
				CLANG_WARN_EMPTY_BODY = YES;
				CLANG_WARN_ENUM_CONVERSION = YES;
				CLANG_WARN_INFINITE_RECURSION = YES;
				CLANG_WARN_INT_CONVERSION = YES;
				CLANG_WARN_NON_LITERAL_NULL_CONVERSION = YES;
				CLANG_WARN_OBJC_IMPLICIT_RETAIN_SELF = YES;
				CLANG_WARN_OBJC_LITERAL_CONVERSION = YES;
				CLANG_WARN_OBJC_ROOT_CLASS = YES_ERROR;
				CLANG_WARN_RANGE_LOOP_ANALYSIS = YES;
				CLANG_WARN_STRICT_PROTOTYPES = YES;
				CLANG_WARN_SUSPICIOUS_MOVE = YES;
				CLANG_WARN_UNGUARDED_AVAILABILITY = YES_AGGRESSIVE;
				CLANG_WARN_UNREACHABLE_CODE = YES;
				CLANG_WARN__DUPLICATE_METHOD_MATCH = YES;
				COPY_PHASE_STRIP = NO;
				DEBUG_INFORMATION_FORMAT = dwarf;
				ENABLE_STRICT_OBJC_MSGSEND = YES;
				ENABLE_TESTABILITY = YES;
				GCC_C_LANGUAGE_STANDARD = gnu11;
				GCC_DYNAMIC_NO_PIC = NO;
				GCC_NO_COMMON_BLOCKS = YES;
				GCC_OPTIMIZATION_LEVEL = 0;
				GCC_PREPROCESSOR_DEFINITIONS = (
					"DEBUG=1",
					"$(inherited)",
				);
				GCC_WARN_64_TO_32_BIT_CONVERSION = YES;
				GCC_WARN_ABOUT_RETURN_TYPE = YES_ERROR;
				GCC_WARN_UNDECLARED_SELECTOR = YES;
				GCC_WARN_UNINITIALIZED_AUTOS = YES_AGGRESSIVE;
				GCC_WARN_UNUSED_FUNCTION = YES;
				GCC_WARN_UNUSED_VARIABLE = YES;
				IPHONEOS_DEPLOYMENT_TARGET = 13.2;
				MTL_ENABLE_DEBUG_INFO = INCLUDE_SOURCE;
				MTL_FAST_MATH = YES;
				ONLY_ACTIVE_ARCH = YES;
				SDKROOT = iphoneos;
				SWIFT_ACTIVE_COMPILATION_CONDITIONS = DEBUG;
				SWIFT_OPTIMIZATION_LEVEL = "-Onone";
			};
			name = Debug;
		};
		F2BE785C246D5D3E00C8EAD7 /* Release */ = {
			isa = XCBuildConfiguration;
			buildSettings = {
				ALWAYS_SEARCH_USER_PATHS = NO;
				CLANG_ANALYZER_NONNULL = YES;
				CLANG_ANALYZER_NUMBER_OBJECT_CONVERSION = YES_AGGRESSIVE;
				CLANG_CXX_LANGUAGE_STANDARD = "gnu++14";
				CLANG_CXX_LIBRARY = "libc++";
				CLANG_ENABLE_MODULES = YES;
				CLANG_ENABLE_OBJC_ARC = YES;
				CLANG_ENABLE_OBJC_WEAK = YES;
				CLANG_WARN_BLOCK_CAPTURE_AUTORELEASING = YES;
				CLANG_WARN_BOOL_CONVERSION = YES;
				CLANG_WARN_COMMA = YES;
				CLANG_WARN_CONSTANT_CONVERSION = YES;
				CLANG_WARN_DEPRECATED_OBJC_IMPLEMENTATIONS = YES;
				CLANG_WARN_DIRECT_OBJC_ISA_USAGE = YES_ERROR;
				CLANG_WARN_DOCUMENTATION_COMMENTS = YES;
				CLANG_WARN_EMPTY_BODY = YES;
				CLANG_WARN_ENUM_CONVERSION = YES;
				CLANG_WARN_INFINITE_RECURSION = YES;
				CLANG_WARN_INT_CONVERSION = YES;
				CLANG_WARN_NON_LITERAL_NULL_CONVERSION = YES;
				CLANG_WARN_OBJC_IMPLICIT_RETAIN_SELF = YES;
				CLANG_WARN_OBJC_LITERAL_CONVERSION = YES;
				CLANG_WARN_OBJC_ROOT_CLASS = YES_ERROR;
				CLANG_WARN_RANGE_LOOP_ANALYSIS = YES;
				CLANG_WARN_STRICT_PROTOTYPES = YES;
				CLANG_WARN_SUSPICIOUS_MOVE = YES;
				CLANG_WARN_UNGUARDED_AVAILABILITY = YES_AGGRESSIVE;
				CLANG_WARN_UNREACHABLE_CODE = YES;
				CLANG_WARN__DUPLICATE_METHOD_MATCH = YES;
				COPY_PHASE_STRIP = NO;
				DEBUG_INFORMATION_FORMAT = "dwarf-with-dsym";
				ENABLE_NS_ASSERTIONS = NO;
				ENABLE_STRICT_OBJC_MSGSEND = YES;
				GCC_C_LANGUAGE_STANDARD = gnu11;
				GCC_NO_COMMON_BLOCKS = YES;
				GCC_WARN_64_TO_32_BIT_CONVERSION = YES;
				GCC_WARN_ABOUT_RETURN_TYPE = YES_ERROR;
				GCC_WARN_UNDECLARED_SELECTOR = YES;
				GCC_WARN_UNINITIALIZED_AUTOS = YES_AGGRESSIVE;
				GCC_WARN_UNUSED_FUNCTION = YES;
				GCC_WARN_UNUSED_VARIABLE = YES;
				IPHONEOS_DEPLOYMENT_TARGET = 13.2;
				MTL_ENABLE_DEBUG_INFO = NO;
				MTL_FAST_MATH = YES;
				SDKROOT = iphoneos;
				SWIFT_COMPILATION_MODE = wholemodule;
				SWIFT_OPTIMIZATION_LEVEL = "-O";
				VALIDATE_PRODUCT = YES;
			};
			name = Release;
		};
		F2BE785E246D5D3E00C8EAD7 /* Debug */ = {
			isa = XCBuildConfiguration;
			buildSettings = {
				ASSETCATALOG_COMPILER_APPICON_NAME = AppIcon;
				CODE_SIGN_IDENTITY = "Apple Development";
				CODE_SIGN_STYLE = Automatic;
				DEVELOPMENT_TEAM = AFJAL4PCP8;
				INFOPLIST_FILE = WynkDemo/Info.plist;
				LD_RUNPATH_SEARCH_PATHS = (
					"$(inherited)",
					"@executable_path/Frameworks",
				);
				PRODUCT_BUNDLE_IDENTIFIER = com.infogain.WynkDemo;
				PRODUCT_NAME = "$(TARGET_NAME)";
				PROVISIONING_PROFILE_SPECIFIER = "";
				SWIFT_VERSION = 4.2;
				TARGETED_DEVICE_FAMILY = "1,2";
			};
			name = Debug;
		};
		F2BE785F246D5D3E00C8EAD7 /* Release */ = {
			isa = XCBuildConfiguration;
			buildSettings = {
				ASSETCATALOG_COMPILER_APPICON_NAME = AppIcon;
				CODE_SIGN_IDENTITY = "Apple Development";
				CODE_SIGN_STYLE = Automatic;
				DEVELOPMENT_TEAM = AFJAL4PCP8;
				INFOPLIST_FILE = WynkDemo/Info.plist;
				LD_RUNPATH_SEARCH_PATHS = (
					"$(inherited)",
					"@executable_path/Frameworks",
				);
				PRODUCT_BUNDLE_IDENTIFIER = com.infogain.WynkDemo;
				PRODUCT_NAME = "$(TARGET_NAME)";
				PROVISIONING_PROFILE_SPECIFIER = "";
				SWIFT_VERSION = 4.2;
				TARGETED_DEVICE_FAMILY = "1,2";
			};
			name = Release;
		};
		F2BE7861246D5D3E00C8EAD7 /* Debug */ = {
			isa = XCBuildConfiguration;
			buildSettings = {
				ALWAYS_EMBED_SWIFT_STANDARD_LIBRARIES = YES;
				BUNDLE_LOADER = "$(TEST_HOST)";
				CODE_SIGN_STYLE = Automatic;
				INFOPLIST_FILE = WynkDemoTests/Info.plist;
				IPHONEOS_DEPLOYMENT_TARGET = 13.2;
				LD_RUNPATH_SEARCH_PATHS = (
					"$(inherited)",
					"@executable_path/Frameworks",
					"@loader_path/Frameworks",
				);
				PRODUCT_BUNDLE_IDENTIFIER = com.infogain.WynkDemoTests;
				PRODUCT_NAME = "$(TARGET_NAME)";
				SWIFT_VERSION = 5.0;
				TARGETED_DEVICE_FAMILY = "1,2";
				TEST_HOST = "$(BUILT_PRODUCTS_DIR)/WynkDemo.app/WynkDemo";
			};
			name = Debug;
		};
		F2BE7862246D5D3E00C8EAD7 /* Release */ = {
			isa = XCBuildConfiguration;
			buildSettings = {
				ALWAYS_EMBED_SWIFT_STANDARD_LIBRARIES = YES;
				BUNDLE_LOADER = "$(TEST_HOST)";
				CODE_SIGN_STYLE = Automatic;
				INFOPLIST_FILE = WynkDemoTests/Info.plist;
				IPHONEOS_DEPLOYMENT_TARGET = 13.2;
				LD_RUNPATH_SEARCH_PATHS = (
					"$(inherited)",
					"@executable_path/Frameworks",
					"@loader_path/Frameworks",
				);
				PRODUCT_BUNDLE_IDENTIFIER = com.infogain.WynkDemoTests;
				PRODUCT_NAME = "$(TARGET_NAME)";
				SWIFT_VERSION = 5.0;
				TARGETED_DEVICE_FAMILY = "1,2";
				TEST_HOST = "$(BUILT_PRODUCTS_DIR)/WynkDemo.app/WynkDemo";
			};
			name = Release;
		};
		F2BE7864246D5D3E00C8EAD7 /* Debug */ = {
			isa = XCBuildConfiguration;
			buildSettings = {
				ALWAYS_EMBED_SWIFT_STANDARD_LIBRARIES = YES;
				CODE_SIGN_STYLE = Automatic;
				INFOPLIST_FILE = WynkDemoUITests/Info.plist;
				LD_RUNPATH_SEARCH_PATHS = (
					"$(inherited)",
					"@executable_path/Frameworks",
					"@loader_path/Frameworks",
				);
				PRODUCT_BUNDLE_IDENTIFIER = com.infogain.WynkDemoUITests;
				PRODUCT_NAME = "$(TARGET_NAME)";
				SWIFT_VERSION = 5.0;
				TARGETED_DEVICE_FAMILY = "1,2";
				TEST_TARGET_NAME = WynkDemo;
			};
			name = Debug;
		};
		F2BE7865246D5D3E00C8EAD7 /* Release */ = {
			isa = XCBuildConfiguration;
			buildSettings = {
				ALWAYS_EMBED_SWIFT_STANDARD_LIBRARIES = YES;
				CODE_SIGN_STYLE = Automatic;
				INFOPLIST_FILE = WynkDemoUITests/Info.plist;
				LD_RUNPATH_SEARCH_PATHS = (
					"$(inherited)",
					"@executable_path/Frameworks",
					"@loader_path/Frameworks",
				);
				PRODUCT_BUNDLE_IDENTIFIER = com.infogain.WynkDemoUITests;
				PRODUCT_NAME = "$(TARGET_NAME)";
				SWIFT_VERSION = 5.0;
				TARGETED_DEVICE_FAMILY = "1,2";
				TEST_TARGET_NAME = WynkDemo;
			};
			name = Release;
		};
/* End XCBuildConfiguration section */

/* Begin XCConfigurationList section */
		F2BE782B246D5D3900C8EAD7 /* Build configuration list for PBXProject "WynkDemo" */ = {
			isa = XCConfigurationList;
			buildConfigurations = (
				F2BE785B246D5D3E00C8EAD7 /* Debug */,
				F2BE785C246D5D3E00C8EAD7 /* Release */,
			);
			defaultConfigurationIsVisible = 0;
			defaultConfigurationName = Release;
		};
		F2BE785D246D5D3E00C8EAD7 /* Build configuration list for PBXNativeTarget "WynkDemo" */ = {
			isa = XCConfigurationList;
			buildConfigurations = (
				F2BE785E246D5D3E00C8EAD7 /* Debug */,
				F2BE785F246D5D3E00C8EAD7 /* Release */,
			);
			defaultConfigurationIsVisible = 0;
			defaultConfigurationName = Release;
		};
		F2BE7860246D5D3E00C8EAD7 /* Build configuration list for PBXNativeTarget "WynkDemoTests" */ = {
			isa = XCConfigurationList;
			buildConfigurations = (
				F2BE7861246D5D3E00C8EAD7 /* Debug */,
				F2BE7862246D5D3E00C8EAD7 /* Release */,
			);
			defaultConfigurationIsVisible = 0;
			defaultConfigurationName = Release;
		};
		F2BE7863246D5D3E00C8EAD7 /* Build configuration list for PBXNativeTarget "WynkDemoUITests" */ = {
			isa = XCConfigurationList;
			buildConfigurations = (
				F2BE7864246D5D3E00C8EAD7 /* Debug */,
				F2BE7865246D5D3E00C8EAD7 /* Release */,
			);
			defaultConfigurationIsVisible = 0;
			defaultConfigurationName = Release;
		};
/* End XCConfigurationList section */

/* Begin XCVersionGroup section */
		F2BE783C246D5D3900C8EAD7 /* WynkDemo.xcdatamodeld */ = {
			isa = XCVersionGroup;
			children = (
				F2BE783D246D5D3900C8EAD7 /* WynkDemo.xcdatamodel */,
			);
			currentVersion = F2BE783D246D5D3900C8EAD7 /* WynkDemo.xcdatamodel */;
			path = WynkDemo.xcdatamodeld;
			sourceTree = "<group>";
			versionGroupType = wrapper.xcdatamodel;
		};
/* End XCVersionGroup section */
	};
	rootObject = F2BE7828246D5D3900C8EAD7 /* Project object */;
}
